
Microsoft Visual Studio Solution File, Format Version 12.00
# Visual Studio Version 17
VisualStudioVersion = 17.4.33122.133
MinimumVisualStudioVersion = 10.0.40219.1
Project("{FAE04EC0-301F-11D3-BF4B-00C04F79EFBC}") = "exemplo treino", "exemplo treino\exemplo treino.csproj", "{ABF6B77C-8676-4EF6-98B1-A1FDE42FD610}"
EndProject
Global
	GlobalSection(SolutionConfigurationPlatforms) = preSolution
		Debug|Any CPU = Debug|Any CPU
		Release|Any CPU = Release|Any CPU
	EndGlobalSection
	GlobalSection(ProjectConfigurationPlatforms) = postSolution
		{ABF6B77C-8676-4EF6-98B1-A1FDE42FD610}.Debug|Any CPU.ActiveCfg = Debug|Any CPU
		{ABF6B77C-8676-4EF6-98B1-A1FDE42FD610}.Debug|Any CPU.Build.0 = Debug|Any CPU
		{ABF6B77C-8676-4EF6-98B1-A1FDE42FD610}.Release|Any CPU.ActiveCfg = Release|Any CPU
		{ABF6B77C-8676-4EF6-98B1-A1FDE42FD610}.Release|Any CPU.Build.0 = Release|Any CPU
	EndGlobalSection
	GlobalSection(SolutionProperties) = preSolution
		HideSolutionNode = FALSE
	EndGlobalSection
	GlobalSection(ExtensibilityGlobals) = postSolution
		SolutionGuid = {BF11F909-8A33-4186-8E13-165D9D8DE4BC}
	EndGlobalSection
EndGlobal
